
Microsoft Visual Studio Solution File, Format Version 12.00
# Visual Studio Version 17
VisualStudioVersion = 17.0.32112.339
MinimumVisualStudioVersion = 10.0.40219.1
Project("{9A19103F-16F7-4668-BE54-9A1E7A4F7556}") = "EBikeRentalsApp", "EBikeRentalsApp.csproj", "{DD83A52B-8E3B-4AA1-99E0-916C54599523}"
EndProject
Project("{FAE04EC0-301F-11D3-BF4B-00C04F79EFBC}") = "EBikeRentalsApp.DataAccessLayer", "..\EBikeRentalsApp.DataAccessLayer\EBikeRentalsApp.DataAccessLayer.csproj", "{6485FA49-6BF5-4530-8C6E-AA12F5FDE86C}"
EndProject
Global
	GlobalSection(SolutionConfigurationPlatforms) = preSolution
		Debug|Any CPU = Debug|Any CPU
		Release|Any CPU = Release|Any CPU
	EndGlobalSection
	GlobalSection(ProjectConfigurationPlatforms) = postSolution
		{DD83A52B-8E3B-4AA1-99E0-916C54599523}.Debug|Any CPU.ActiveCfg = Debug|Any CPU
		{DD83A52B-8E3B-4AA1-99E0-916C54599523}.Debug|Any CPU.Build.0 = Debug|Any CPU
		{DD83A52B-8E3B-4AA1-99E0-916C54599523}.Release|Any CPU.ActiveCfg = Release|Any CPU
		{DD83A52B-8E3B-4AA1-99E0-916C54599523}.Release|Any CPU.Build.0 = Release|Any CPU
		{6485FA49-6BF5-4530-8C6E-AA12F5FDE86C}.Debug|Any CPU.ActiveCfg = Debug|Any CPU
		{6485FA49-6BF5-4530-8C6E-AA12F5FDE86C}.Debug|Any CPU.Build.0 = Debug|Any CPU
		{6485FA49-6BF5-4530-8C6E-AA12F5FDE86C}.Release|Any CPU.ActiveCfg = Release|Any CPU
		{6485FA49-6BF5-4530-8C6E-AA12F5FDE86C}.Release|Any CPU.Build.0 = Release|Any CPU
	EndGlobalSection
	GlobalSection(SolutionProperties) = preSolution
		HideSolutionNode = FALSE
	EndGlobalSection
	GlobalSection(ExtensibilityGlobals) = postSolution
		SolutionGuid = {1D448AA6-C5A6-4F46-942A-1062BD13EF1C}
	EndGlobalSection
EndGlobal
